{
  "requires": true,
  "lockfileVersion": 1,
  "dependencies": {
    "bootstrap": {
      "version": "5.1.3",
      "resolved": "https://registry.npmjs.org/bootstrap/-/bootstrap-5.1.3.tgz",
      "integrity": "sha512-fcQztozJ8jToQWXxVuEyXWW+dSo8AiXWKwiSSrKWsRB/Qt+Ewwza+JWoLKiTuQLaEPhdNAJ7+Dosc9DOIqNy7Q=="
    },
    "jscharting": {
      "version": "3.2.2",
      "resolved": "https://registry.npmjs.org/jscharting/-/jscharting-3.2.2.tgz",
      "integrity": "sha512-j4xvQu3Gq/VaLoTfckHmViVASKAI9y25dvUqoA9aIuIp4/BrHKq7AY26r//GWQUIHTVWWSRD+D+eNs7MN1kvAA=="
    }
  }
}
